{
  "name": "ajs-node",
  "version": "1.0.0",
  "lockfileVersion": 3,
  "requires": true,
  "packages": {
    "": {
      "name": "ajs-node",
      "version": "1.0.0",
      "license": "ISC",
      "dependencies": {
        "@neurok-hub/ajs": "^1.0.0"
      }
    },
    "node_modules/@neurok-hub/ajs": {
      "version": "1.0.0",
      "resolved": "https://npm.pkg.github.com/download/@neurok-hub/ajs/1.0.0/4f1b7f11cbdfbfc8c234cf8064df962a47d5455b",
      "integrity": "sha512-voyQtnl3sVRW8FyplY0cqrsCrKIa8UreRgO+jY+FaTQgfZo2COyVimNXmKCZPY0I31ea1qvLdJh1JKgUkJOAGw==",
      "license": "ISC"
    }
  }
}
